{
  "version": 4,
  "terraform_version": "0.12.7",
  "serial": 4,
  "lineage": "6a5670f8-4091-61ef-b2b9-98433569af51",
  "outputs": {},
  "resources": [
    {
      "mode": "managed",
      "type": "docker_container",
      "name": "nginx",
      "provider": "provider.docker",
      "instances": [
        {
          "schema_version": 1,
          "attributes": {
            "attach": false,
            "bridge": "",
            "capabilities": [],
            "command": null,
            "container_logs": null,
            "cpu_set": null,
            "cpu_shares": null,
            "destroy_grace_seconds": null,
            "devices": [],
            "dns": null,
            "dns_opts": null,
            "dns_search": null,
            "domainname": null,
            "entrypoint": null,
            "env": null,
            "exit_code": null,
            "gateway": "172.17.0.1",
            "healthcheck": [],
            "host": [],
            "hostname": null,
            "id": "e29198e124f9db301a0e5933fa4e1ac7b7a2684ed3c444a25b4f7fbc28e159a6",
            "image": "sha256:5a3221f0137beb960c34b9cf4455424b6210160fd618c5e79401a07d6e5a2ced",
            "ip_address": "172.17.0.2",
            "ip_prefix_length": 16,
            "labels": null,
            "links": null,
            "log_driver": "json-file",
            "log_opts": null,
            "logs": false,
            "max_retry_count": null,
            "memory": null,
            "memory_swap": null,
            "mounts": [],
            "must_run": true,
            "name": "enginecks",
            "network_alias": null,
            "network_data": [
              {
                "gateway": "172.17.0.1",
                "ip_address": "172.17.0.2",
                "ip_prefix_length": 16,
                "network_name": "bridge"
              }
            ],
            "network_mode": null,
            "networks": null,
            "networks_advanced": [],
            "pid_mode": null,
            "ports": [
              {
                "external": 80,
                "internal": 80,
                "ip": "0.0.0.0",
                "protocol": "tcp"
              }
            ],
            "privileged": null,
            "publish_all_ports": null,
            "restart": "no",
            "rm": false,
            "start": true,
            "sysctls": null,
            "tmpfs": null,
            "ulimit": [],
            "upload": [],
            "user": null,
            "userns_mode": null,
            "volumes": []
          },
          "depends_on": [
            "docker_image.nginx"
          ]
        }
      ]
    },
    {
      "mode": "managed",
      "type": "docker_image",
      "name": "nginx",
      "provider": "provider.docker",
      "instances": [
        {
          "schema_version": 0,
          "attributes": {
            "id": "sha256:5a3221f0137beb960c34b9cf4455424b6210160fd618c5e79401a07d6e5a2cednginx:latest",
            "keep_locally": null,
            "latest": "sha256:5a3221f0137beb960c34b9cf4455424b6210160fd618c5e79401a07d6e5a2ced",
            "name": "nginx:latest",
            "pull_trigger": null,
            "pull_triggers": null
          }
        }
      ]
    }
  ]
}
